
Microsoft Visual Studio Solution File, Format Version 12.00
# Visual Studio Version 16
VisualStudioVersion = 16.0.32802.440
MinimumVisualStudioVersion = 10.0.40219.1
Project("{FAE04EC0-301F-11D3-BF4B-00C04F79EFBC}") = "AgendaV2.InterfazConsola", "AgendaV2.InterfazConsola\AgendaV2.InterfazConsola.csproj", "{6FE12DA9-B789-4E36-9E18-A791AA396C3B}"
EndProject
Project("{FAE04EC0-301F-11D3-BF4B-00C04F79EFBC}") = "AgendaV2.Entidades", "AgendaV2.Entidades\AgendaV2.Entidades.csproj", "{8ED4771D-57EA-49B5-8531-EF24F5A6DCE8}"
EndProject
Global
	GlobalSection(SolutionConfigurationPlatforms) = preSolution
		Debug|Any CPU = Debug|Any CPU
		Release|Any CPU = Release|Any CPU
	EndGlobalSection
	GlobalSection(ProjectConfigurationPlatforms) = postSolution
		{6FE12DA9-B789-4E36-9E18-A791AA396C3B}.Debug|Any CPU.ActiveCfg = Debug|Any CPU
		{6FE12DA9-B789-4E36-9E18-A791AA396C3B}.Debug|Any CPU.Build.0 = Debug|Any CPU
		{6FE12DA9-B789-4E36-9E18-A791AA396C3B}.Release|Any CPU.ActiveCfg = Release|Any CPU
		{6FE12DA9-B789-4E36-9E18-A791AA396C3B}.Release|Any CPU.Build.0 = Release|Any CPU
		{8ED4771D-57EA-49B5-8531-EF24F5A6DCE8}.Debug|Any CPU.ActiveCfg = Debug|Any CPU
		{8ED4771D-57EA-49B5-8531-EF24F5A6DCE8}.Debug|Any CPU.Build.0 = Debug|Any CPU
		{8ED4771D-57EA-49B5-8531-EF24F5A6DCE8}.Release|Any CPU.ActiveCfg = Release|Any CPU
		{8ED4771D-57EA-49B5-8531-EF24F5A6DCE8}.Release|Any CPU.Build.0 = Release|Any CPU
	EndGlobalSection
	GlobalSection(SolutionProperties) = preSolution
		HideSolutionNode = FALSE
	EndGlobalSection
	GlobalSection(ExtensibilityGlobals) = postSolution
		SolutionGuid = {E09991F9-4965-48E1-B78B-FE146D581B8C}
	EndGlobalSection
EndGlobal
